
Microsoft Visual Studio Solution File, Format Version 12.00
# TcXaeShell Solution File, Format Version 11.00
VisualStudioVersion = 17.7.34302.85
MinimumVisualStudioVersion = 10.0.40219.1
Project("{B1E792BE-AA5F-4E3C-8C82-674BF9C0715B}") = "AdventOfCode2024_Day02", "AdventOfCode2024_Day02.tsproj", "{2437D890-CEA2-44AF-BD44-394EF5E6B9D2}"
EndProject
Global
	GlobalSection(SolutionConfigurationPlatforms) = preSolution
		Debug|TwinCAT OS (ARMV7-A) = Debug|TwinCAT OS (ARMV7-A)
		Debug|TwinCAT OS (ARMV7-M) = Debug|TwinCAT OS (ARMV7-M)
		Debug|TwinCAT OS (ARMV8-A) = Debug|TwinCAT OS (ARMV8-A)
		Debug|TwinCAT OS (x64) = Debug|TwinCAT OS (x64)
		Debug|TwinCAT RT (x64) = Debug|TwinCAT RT (x64)
		Debug|TwinCAT RT (x86) = Debug|TwinCAT RT (x86)
		Release|TwinCAT OS (ARMV7-A) = Release|TwinCAT OS (ARMV7-A)
		Release|TwinCAT OS (ARMV7-M) = Release|TwinCAT OS (ARMV7-M)
		Release|TwinCAT OS (ARMV8-A) = Release|TwinCAT OS (ARMV8-A)
		Release|TwinCAT OS (x64) = Release|TwinCAT OS (x64)
		Release|TwinCAT RT (x64) = Release|TwinCAT RT (x64)
		Release|TwinCAT RT (x86) = Release|TwinCAT RT (x86)
	EndGlobalSection
	GlobalSection(ProjectConfigurationPlatforms) = postSolution
		{2437D890-CEA2-44AF-BD44-394EF5E6B9D2}.Debug|TwinCAT OS (ARMV7-A).ActiveCfg = Debug|TwinCAT OS (ARMV7-A)
		{2437D890-CEA2-44AF-BD44-394EF5E6B9D2}.Debug|TwinCAT OS (ARMV7-A).Build.0 = Debug|TwinCAT OS (ARMV7-A)
		{2437D890-CEA2-44AF-BD44-394EF5E6B9D2}.Debug|TwinCAT OS (ARMV7-M).ActiveCfg = Debug|TwinCAT OS (ARMV7-M)
		{2437D890-CEA2-44AF-BD44-394EF5E6B9D2}.Debug|TwinCAT OS (ARMV7-M).Build.0 = Debug|TwinCAT OS (ARMV7-M)
		{2437D890-CEA2-44AF-BD44-394EF5E6B9D2}.Debug|TwinCAT OS (ARMV8-A).ActiveCfg = Debug|TwinCAT OS (ARMV8-A)
		{2437D890-CEA2-44AF-BD44-394EF5E6B9D2}.Debug|TwinCAT OS (ARMV8-A).Build.0 = Debug|TwinCAT OS (ARMV8-A)
		{2437D890-CEA2-44AF-BD44-394EF5E6B9D2}.Debug|TwinCAT OS (x64).ActiveCfg = Debug|TwinCAT OS (x64)
		{2437D890-CEA2-44AF-BD44-394EF5E6B9D2}.Debug|TwinCAT OS (x64).Build.0 = Debug|TwinCAT OS (x64)
		{2437D890-CEA2-44AF-BD44-394EF5E6B9D2}.Debug|TwinCAT RT (x64).ActiveCfg = Debug|TwinCAT RT (x64)
		{2437D890-CEA2-44AF-BD44-394EF5E6B9D2}.Debug|TwinCAT RT (x64).Build.0 = Debug|TwinCAT RT (x64)
		{2437D890-CEA2-44AF-BD44-394EF5E6B9D2}.Debug|TwinCAT RT (x86).ActiveCfg = Debug|TwinCAT RT (x86)
		{2437D890-CEA2-44AF-BD44-394EF5E6B9D2}.Debug|TwinCAT RT (x86).Build.0 = Debug|TwinCAT RT (x86)
		{2437D890-CEA2-44AF-BD44-394EF5E6B9D2}.Release|TwinCAT OS (ARMV7-A).ActiveCfg = Release|TwinCAT OS (ARMV7-A)
		{2437D890-CEA2-44AF-BD44-394EF5E6B9D2}.Release|TwinCAT OS (ARMV7-A).Build.0 = Release|TwinCAT OS (ARMV7-A)
		{2437D890-CEA2-44AF-BD44-394EF5E6B9D2}.Release|TwinCAT OS (ARMV7-M).ActiveCfg = Release|TwinCAT OS (ARMV7-M)
		{2437D890-CEA2-44AF-BD44-394EF5E6B9D2}.Release|TwinCAT OS (ARMV7-M).Build.0 = Release|TwinCAT OS (ARMV7-M)
		{2437D890-CEA2-44AF-BD44-394EF5E6B9D2}.Release|TwinCAT OS (ARMV8-A).ActiveCfg = Release|TwinCAT OS (ARMV8-A)
		{2437D890-CEA2-44AF-BD44-394EF5E6B9D2}.Release|TwinCAT OS (ARMV8-A).Build.0 = Release|TwinCAT OS (ARMV8-A)
		{2437D890-CEA2-44AF-BD44-394EF5E6B9D2}.Release|TwinCAT OS (x64).ActiveCfg = Release|TwinCAT OS (x64)
		{2437D890-CEA2-44AF-BD44-394EF5E6B9D2}.Release|TwinCAT OS (x64).Build.0 = Release|TwinCAT OS (x64)
		{2437D890-CEA2-44AF-BD44-394EF5E6B9D2}.Release|TwinCAT RT (x64).ActiveCfg = Release|TwinCAT RT (x64)
		{2437D890-CEA2-44AF-BD44-394EF5E6B9D2}.Release|TwinCAT RT (x64).Build.0 = Release|TwinCAT RT (x64)
		{2437D890-CEA2-44AF-BD44-394EF5E6B9D2}.Release|TwinCAT RT (x86).ActiveCfg = Release|TwinCAT RT (x86)
		{2437D890-CEA2-44AF-BD44-394EF5E6B9D2}.Release|TwinCAT RT (x86).Build.0 = Release|TwinCAT RT (x86)
		{2A273DC6-AE19-4E46-83CE-A2A67BDB2C1E}.Debug|TwinCAT OS (ARMV7-A).ActiveCfg = Debug|TwinCAT OS (ARMV7-A)
		{2A273DC6-AE19-4E46-83CE-A2A67BDB2C1E}.Debug|TwinCAT OS (ARMV7-A).Build.0 = Debug|TwinCAT OS (ARMV7-A)
		{2A273DC6-AE19-4E46-83CE-A2A67BDB2C1E}.Debug|TwinCAT OS (ARMV7-M).ActiveCfg = Debug|TwinCAT OS (ARMV7-M)
		{2A273DC6-AE19-4E46-83CE-A2A67BDB2C1E}.Debug|TwinCAT OS (ARMV7-M).Build.0 = Debug|TwinCAT OS (ARMV7-M)
		{2A273DC6-AE19-4E46-83CE-A2A67BDB2C1E}.Debug|TwinCAT OS (ARMV8-A).ActiveCfg = Debug|TwinCAT OS (ARMV8-A)
		{2A273DC6-AE19-4E46-83CE-A2A67BDB2C1E}.Debug|TwinCAT OS (ARMV8-A).Build.0 = Debug|TwinCAT OS (ARMV8-A)
		{2A273DC6-AE19-4E46-83CE-A2A67BDB2C1E}.Debug|TwinCAT OS (x64).ActiveCfg = Debug|TwinCAT OS (x64)
		{2A273DC6-AE19-4E46-83CE-A2A67BDB2C1E}.Debug|TwinCAT OS (x64).Build.0 = Debug|TwinCAT OS (x64)
		{2A273DC6-AE19-4E46-83CE-A2A67BDB2C1E}.Debug|TwinCAT RT (x64).ActiveCfg = Debug|TwinCAT RT (x64)
		{2A273DC6-AE19-4E46-83CE-A2A67BDB2C1E}.Debug|TwinCAT RT (x64).Build.0 = Debug|TwinCAT RT (x64)
		{2A273DC6-AE19-4E46-83CE-A2A67BDB2C1E}.Debug|TwinCAT RT (x86).ActiveCfg = Debug|TwinCAT RT (x86)
		{2A273DC6-AE19-4E46-83CE-A2A67BDB2C1E}.Debug|TwinCAT RT (x86).Build.0 = Debug|TwinCAT RT (x86)
		{2A273DC6-AE19-4E46-83CE-A2A67BDB2C1E}.Release|TwinCAT OS (ARMV7-A).ActiveCfg = Release|TwinCAT OS (ARMV7-A)
		{2A273DC6-AE19-4E46-83CE-A2A67BDB2C1E}.Release|TwinCAT OS (ARMV7-A).Build.0 = Release|TwinCAT OS (ARMV7-A)
		{2A273DC6-AE19-4E46-83CE-A2A67BDB2C1E}.Release|TwinCAT OS (ARMV7-M).ActiveCfg = Release|TwinCAT OS (ARMV7-M)
		{2A273DC6-AE19-4E46-83CE-A2A67BDB2C1E}.Release|TwinCAT OS (ARMV7-M).Build.0 = Release|TwinCAT OS (ARMV7-M)
		{2A273DC6-AE19-4E46-83CE-A2A67BDB2C1E}.Release|TwinCAT OS (ARMV8-A).ActiveCfg = Release|TwinCAT OS (ARMV8-A)
		{2A273DC6-AE19-4E46-83CE-A2A67BDB2C1E}.Release|TwinCAT OS (ARMV8-A).Build.0 = Release|TwinCAT OS (ARMV8-A)
		{2A273DC6-AE19-4E46-83CE-A2A67BDB2C1E}.Release|TwinCAT OS (x64).ActiveCfg = Release|TwinCAT OS (x64)
		{2A273DC6-AE19-4E46-83CE-A2A67BDB2C1E}.Release|TwinCAT OS (x64).Build.0 = Release|TwinCAT OS (x64)
		{2A273DC6-AE19-4E46-83CE-A2A67BDB2C1E}.Release|TwinCAT RT (x64).ActiveCfg = Release|TwinCAT RT (x64)
		{2A273DC6-AE19-4E46-83CE-A2A67BDB2C1E}.Release|TwinCAT RT (x64).Build.0 = Release|TwinCAT RT (x64)
		{2A273DC6-AE19-4E46-83CE-A2A67BDB2C1E}.Release|TwinCAT RT (x86).ActiveCfg = Release|TwinCAT RT (x86)
		{2A273DC6-AE19-4E46-83CE-A2A67BDB2C1E}.Release|TwinCAT RT (x86).Build.0 = Release|TwinCAT RT (x86)
	EndGlobalSection
	GlobalSection(SolutionProperties) = preSolution
		HideSolutionNode = FALSE
	EndGlobalSection
	GlobalSection(ExtensibilityGlobals) = postSolution
		SolutionGuid = {AE8D4A7A-0D4C-465E-82CE-84C93F8458AC}
	EndGlobalSection
EndGlobal
